
Microsoft Visual Studio Solution File, Format Version 12.00
# Visual Studio 15
VisualStudioVersion = 15.0.28010.2050
MinimumVisualStudioVersion = 10.0.40219.1
Project("{FAE04EC0-301F-11D3-BF4B-00C04F79EFBC}") = "CodeKafe2", "CodeKafe2\CodeKafe2.csproj", "{0DF9E5AB-652B-4BBD-A3A6-2F72A50A5724}"
EndProject
Global
	GlobalSection(SolutionConfigurationPlatforms) = preSolution
		Debug|Any CPU = Debug|Any CPU
		Release|Any CPU = Release|Any CPU
	EndGlobalSection
	GlobalSection(ProjectConfigurationPlatforms) = postSolution
		{0DF9E5AB-652B-4BBD-A3A6-2F72A50A5724}.Debug|Any CPU.ActiveCfg = Debug|Any CPU
		{0DF9E5AB-652B-4BBD-A3A6-2F72A50A5724}.Debug|Any CPU.Build.0 = Debug|Any CPU
		{0DF9E5AB-652B-4BBD-A3A6-2F72A50A5724}.Release|Any CPU.ActiveCfg = Release|Any CPU
		{0DF9E5AB-652B-4BBD-A3A6-2F72A50A5724}.Release|Any CPU.Build.0 = Release|Any CPU
	EndGlobalSection
	GlobalSection(SolutionProperties) = preSolution
		HideSolutionNode = FALSE
	EndGlobalSection
	GlobalSection(ExtensibilityGlobals) = postSolution
		SolutionGuid = {927C8622-2107-4F60-BEAA-89C36CC204E3}
	EndGlobalSection
EndGlobal
